Microsoft Visual Studio Solution File, Format Version 11.00
# Visual Studio 2008

Project("{FF479248-8569-2E0C-5E6B-E3B7D28D767F}") = "RUISunity", "Assembly-CSharp-firstpass-vs.csproj", "{F3F0D016-55EB-D286-C3AC-F5F1674B9C25}"
EndProject
Project("{FF479248-8569-2E0C-5E6B-E3B7D28D767F}") = "RUISunity", "Assembly-CSharp-vs.csproj", "{22788CCE-18E0-9A0A-6292-32CE848A2CBF}"
EndProject
Project("{FF479248-8569-2E0C-5E6B-E3B7D28D767F}") = "RUISunity", "Assembly-CSharp-Editor-firstpass-vs.csproj", "{B40D9D01-A914-1716-FE38-3A522AF75EFA}"
EndProject
Project("{FF479248-8569-2E0C-5E6B-E3B7D28D767F}") = "RUISunity", "Assembly-CSharp-Editor-vs.csproj", "{DDFE5DF5-4A49-211D-03DF-B1B53FA1C91D}"
EndProject
Global
	GlobalSection(SolutionConfigurationPlatforms) = preSolution
		Debug|Any CPU = Debug|Any CPU
		Release|Any CPU = Release|Any CPU
	EndGlobalSection
	GlobalSection(ProjectConfigurationPlatforms) = postSolution
		{F3F0D016-55EB-D286-C3AC-F5F1674B9C25}.Debug|Any CPU.ActiveCfg = Debug|Any CPU
		{F3F0D016-55EB-D286-C3AC-F5F1674B9C25}.Debug|Any CPU.Build.0 = Debug|Any CPU
		{F3F0D016-55EB-D286-C3AC-F5F1674B9C25}.Release|Any CPU.ActiveCfg = Release|Any CPU
		{F3F0D016-55EB-D286-C3AC-F5F1674B9C25}.Release|Any CPU.Build.0 = Release|Any CPU
		{22788CCE-18E0-9A0A-6292-32CE848A2CBF}.Debug|Any CPU.ActiveCfg = Debug|Any CPU
		{22788CCE-18E0-9A0A-6292-32CE848A2CBF}.Debug|Any CPU.Build.0 = Debug|Any CPU
		{22788CCE-18E0-9A0A-6292-32CE848A2CBF}.Release|Any CPU.ActiveCfg = Release|Any CPU
		{22788CCE-18E0-9A0A-6292-32CE848A2CBF}.Release|Any CPU.Build.0 = Release|Any CPU
		{B40D9D01-A914-1716-FE38-3A522AF75EFA}.Debug|Any CPU.ActiveCfg = Debug|Any CPU
		{B40D9D01-A914-1716-FE38-3A522AF75EFA}.Debug|Any CPU.Build.0 = Debug|Any CPU
		{B40D9D01-A914-1716-FE38-3A522AF75EFA}.Release|Any CPU.ActiveCfg = Release|Any CPU
		{B40D9D01-A914-1716-FE38-3A522AF75EFA}.Release|Any CPU.Build.0 = Release|Any CPU
		{DDFE5DF5-4A49-211D-03DF-B1B53FA1C91D}.Debug|Any CPU.ActiveCfg = Debug|Any CPU
		{DDFE5DF5-4A49-211D-03DF-B1B53FA1C91D}.Debug|Any CPU.Build.0 = Debug|Any CPU
		{DDFE5DF5-4A49-211D-03DF-B1B53FA1C91D}.Release|Any CPU.ActiveCfg = Release|Any CPU
		{DDFE5DF5-4A49-211D-03DF-B1B53FA1C91D}.Release|Any CPU.Build.0 = Release|Any CPU
	EndGlobalSection
	GlobalSection(SolutionProperties) = preSolution
		HideSolutionNode = FALSE
	EndGlobalSection
		GlobalSection(MonoDevelopProperties) = preSolution
		StartupItem = Assembly-CSharp.csproj
		Policies = $0
		$0.TextStylePolicy = $1
		$1.inheritsSet = null
		$1.scope = text/x-csharp
		$0.CSharpFormattingPolicy = $2
		$2.inheritsSet = Mono
		$2.inheritsScope = text/x-csharp
		$2.scope = text/x-csharp
		$0.TextStylePolicy = $3
		$3.FileWidth = 120
		$3.TabWidth = 4
		$3.IndentWidth = 4
		$3.EolMarker = Unix
		$3.inheritsSet = Mono
		$3.inheritsScope = text/plain
		$3.scope = text/plain
	EndGlobalSection

EndGlobal
