Microsoft Visual Studio Solution File, Format Version 11.00
# Visual Studio 2008

Project("{3C561CE6-1EE4-8352-C6CA-BA5B889ADAB9}") = "EnderGame", "Assembly-CSharp-firstpass.csproj", "{10BE9B28-BF2A-A074-A500-C35823568861}"
EndProject
Project("{3C561CE6-1EE4-8352-C6CA-BA5B889ADAB9}") = "EnderGame", "Assembly-CSharp.csproj", "{F4DA1500-C168-0F1F-A158-C2BA7BABAD9E}"
EndProject
Project("{3C561CE6-1EE4-8352-C6CA-BA5B889ADAB9}") = "EnderGame", "Assembly-CSharp-Editor-firstpass.csproj", "{15C88389-9EB0-AAD3-A4AF-D103F7722A82}"
EndProject
Project("{3C561CE6-1EE4-8352-C6CA-BA5B889ADAB9}") = "EnderGame", "Assembly-CSharp-Editor.csproj", "{4D8FF678-D58E-EFED-F6F8-01B98A2E7121}"
EndProject
Project("{3C561CE6-1EE4-8352-C6CA-BA5B889ADAB9}") = "EnderGame", "Assembly-UnityScript-firstpass.unityproj", "{4D5726AF-A803-3057-652C-79F58B9E0505}"
EndProject
Global
	GlobalSection(SolutionConfigurationPlatforms) = preSolution
		Debug|Any CPU = Debug|Any CPU
		Release|Any CPU = Release|Any CPU
	EndGlobalSection
	GlobalSection(ProjectConfigurationPlatforms) = postSolution
		{10BE9B28-BF2A-A074-A500-C35823568861}.Debug|Any CPU.ActiveCfg = Debug|Any CPU
		{10BE9B28-BF2A-A074-A500-C35823568861}.Debug|Any CPU.Build.0 = Debug|Any CPU
		{10BE9B28-BF2A-A074-A500-C35823568861}.Release|Any CPU.ActiveCfg = Release|Any CPU
		{10BE9B28-BF2A-A074-A500-C35823568861}.Release|Any CPU.Build.0 = Release|Any CPU
		{F4DA1500-C168-0F1F-A158-C2BA7BABAD9E}.Debug|Any CPU.ActiveCfg = Debug|Any CPU
		{F4DA1500-C168-0F1F-A158-C2BA7BABAD9E}.Debug|Any CPU.Build.0 = Debug|Any CPU
		{F4DA1500-C168-0F1F-A158-C2BA7BABAD9E}.Release|Any CPU.ActiveCfg = Release|Any CPU
		{F4DA1500-C168-0F1F-A158-C2BA7BABAD9E}.Release|Any CPU.Build.0 = Release|Any CPU
		{15C88389-9EB0-AAD3-A4AF-D103F7722A82}.Debug|Any CPU.ActiveCfg = Debug|Any CPU
		{15C88389-9EB0-AAD3-A4AF-D103F7722A82}.Debug|Any CPU.Build.0 = Debug|Any CPU
		{15C88389-9EB0-AAD3-A4AF-D103F7722A82}.Release|Any CPU.ActiveCfg = Release|Any CPU
		{15C88389-9EB0-AAD3-A4AF-D103F7722A82}.Release|Any CPU.Build.0 = Release|Any CPU
		{4D8FF678-D58E-EFED-F6F8-01B98A2E7121}.Debug|Any CPU.ActiveCfg = Debug|Any CPU
		{4D8FF678-D58E-EFED-F6F8-01B98A2E7121}.Debug|Any CPU.Build.0 = Debug|Any CPU
		{4D8FF678-D58E-EFED-F6F8-01B98A2E7121}.Release|Any CPU.ActiveCfg = Release|Any CPU
		{4D8FF678-D58E-EFED-F6F8-01B98A2E7121}.Release|Any CPU.Build.0 = Release|Any CPU
		{4D5726AF-A803-3057-652C-79F58B9E0505}.Debug|Any CPU.ActiveCfg = Debug|Any CPU
		{4D5726AF-A803-3057-652C-79F58B9E0505}.Debug|Any CPU.Build.0 = Debug|Any CPU
		{4D5726AF-A803-3057-652C-79F58B9E0505}.Release|Any CPU.ActiveCfg = Release|Any CPU
		{4D5726AF-A803-3057-652C-79F58B9E0505}.Release|Any CPU.Build.0 = Release|Any CPU
	EndGlobalSection
	GlobalSection(SolutionProperties) = preSolution
		HideSolutionNode = FALSE
	EndGlobalSection
									GlobalSection(MonoDevelopProperties) = preSolution
		StartupItem = Assembly-CSharp.csproj
		Policies = $0
		$0.TextStylePolicy = $1
		$1.inheritsSet = null
		$1.scope = text/x-csharp
		$0.CSharpFormattingPolicy = $2
		$2.inheritsSet = Mono
		$2.inheritsScope = text/x-csharp
		$2.scope = text/x-csharp
		$0.TextStylePolicy = $3
		$3.FileWidth = 120
		$3.TabWidth = 4
		$3.EolMarker = Unix
		$3.inheritsSet = Mono
		$3.inheritsScope = text/plain
		$3.scope = text/plain
	EndGlobalSection

EndGlobal
