Microsoft Visual Studio Solution File, Format Version 11.00
# Visual Studio 2008

Project("{0E2485B5-1EBA-0582-8FF3-27B2B15C5867}") = "Ender_Main", "Assembly-CSharp-firstpass-vs.csproj", "{5E0E1843-1C3C-17C5-0A13-AB957D5DA32B}"
EndProject
Project("{0E2485B5-1EBA-0582-8FF3-27B2B15C5867}") = "Ender_Main", "Assembly-CSharp-vs.csproj", "{43FE9F0A-2861-805A-7BD5-1C60B17C597E}"
EndProject
Project("{0E2485B5-1EBA-0582-8FF3-27B2B15C5867}") = "Ender_Main", "Assembly-CSharp-Editor-firstpass-vs.csproj", "{B2276308-2E31-8A7D-D653-7C31BF492F1B}"
EndProject
Project("{0E2485B5-1EBA-0582-8FF3-27B2B15C5867}") = "Ender_Main", "Assembly-CSharp-Editor-vs.csproj", "{47E21505-B96C-4935-61CD-28E69288CB33}"
EndProject
Global
	GlobalSection(SolutionConfigurationPlatforms) = preSolution
		Debug|Any CPU = Debug|Any CPU
		Release|Any CPU = Release|Any CPU
	EndGlobalSection
	GlobalSection(ProjectConfigurationPlatforms) = postSolution
		{5E0E1843-1C3C-17C5-0A13-AB957D5DA32B}.Debug|Any CPU.ActiveCfg = Debug|Any CPU
		{5E0E1843-1C3C-17C5-0A13-AB957D5DA32B}.Debug|Any CPU.Build.0 = Debug|Any CPU
		{5E0E1843-1C3C-17C5-0A13-AB957D5DA32B}.Release|Any CPU.ActiveCfg = Release|Any CPU
		{5E0E1843-1C3C-17C5-0A13-AB957D5DA32B}.Release|Any CPU.Build.0 = Release|Any CPU
		{43FE9F0A-2861-805A-7BD5-1C60B17C597E}.Debug|Any CPU.ActiveCfg = Debug|Any CPU
		{43FE9F0A-2861-805A-7BD5-1C60B17C597E}.Debug|Any CPU.Build.0 = Debug|Any CPU
		{43FE9F0A-2861-805A-7BD5-1C60B17C597E}.Release|Any CPU.ActiveCfg = Release|Any CPU
		{43FE9F0A-2861-805A-7BD5-1C60B17C597E}.Release|Any CPU.Build.0 = Release|Any CPU
		{B2276308-2E31-8A7D-D653-7C31BF492F1B}.Debug|Any CPU.ActiveCfg = Debug|Any CPU
		{B2276308-2E31-8A7D-D653-7C31BF492F1B}.Debug|Any CPU.Build.0 = Debug|Any CPU
		{B2276308-2E31-8A7D-D653-7C31BF492F1B}.Release|Any CPU.ActiveCfg = Release|Any CPU
		{B2276308-2E31-8A7D-D653-7C31BF492F1B}.Release|Any CPU.Build.0 = Release|Any CPU
		{47E21505-B96C-4935-61CD-28E69288CB33}.Debug|Any CPU.ActiveCfg = Debug|Any CPU
		{47E21505-B96C-4935-61CD-28E69288CB33}.Debug|Any CPU.Build.0 = Debug|Any CPU
		{47E21505-B96C-4935-61CD-28E69288CB33}.Release|Any CPU.ActiveCfg = Release|Any CPU
		{47E21505-B96C-4935-61CD-28E69288CB33}.Release|Any CPU.Build.0 = Release|Any CPU
	EndGlobalSection
	GlobalSection(SolutionProperties) = preSolution
		HideSolutionNode = FALSE
	EndGlobalSection
																				GlobalSection(MonoDevelopProperties) = preSolution
		StartupItem = Assembly-CSharp.csproj
		Policies = $0
		$0.TextStylePolicy = $1
		$1.inheritsSet = null
		$1.scope = text/x-csharp
		$0.CSharpFormattingPolicy = $2
		$2.inheritsSet = Mono
		$2.inheritsScope = text/x-csharp
		$2.scope = text/x-csharp
		$0.TextStylePolicy = $3
		$3.FileWidth = 120
		$3.TabWidth = 4
		$3.IndentWidth = 4
		$3.EolMarker = Unix
		$3.inheritsSet = Mono
		$3.inheritsScope = text/plain
		$3.scope = text/plain
	EndGlobalSection

EndGlobal
